// !$*UTF8*$!
{
	archiveVersion = 1;
	classes = {
	};
	objectVersion = 50;
	objects = {

/* Begin PBXBuildFile section */
		F234B2F321C2279E0039B26E /* AppDelegate.swift in Sources */ = {isa = PBXBuildFile; fileRef = F234B2F221C2279E0039B26E /* AppDelegate.swift */; };
		F234B2F521C2279E0039B26E /* ViewController.swift in Sources */ = {isa = PBXBuildFile; fileRef = F234B2F421C2279E0039B26E /* ViewController.swift */; };
		F234B2F821C2279E0039B26E /* Main.storyboard in Resources */ = {isa = PBXBuildFile; fileRef = F234B2F621C2279E0039B26E /* Main.storyboard */; };
		F234B2FB21C2279E0039B26E /* coredata1.xcdatamodeld in Sources */ = {isa = PBXBuildFile; fileRef = F234B2F921C2279E0039B26E /* coredata1.xcdatamodeld */; };
		F234B2FD21C227C60039B26E /* Assets.xcassets in Resources */ = {isa = PBXBuildFile; fileRef = F234B2FC21C227C60039B26E /* Assets.xcassets */; };
		F234B30021C227C60039B26E /* LaunchScreen.storyboard in Resources */ = {isa = PBXBuildFile; fileRef = F234B2FE21C227C60039B26E /* LaunchScreen.storyboard */; };
		F234B30821C22FDB0039B26E /* nextViewController.swift in Sources */ = {isa = PBXBuildFile; fileRef = F234B30721C22FDA0039B26E /* nextViewController.swift */; };
		F234B30A21C23C5C0039B26E /* cellTableViewCell.swift in Sources */ = {isa = PBXBuildFile; fileRef = F234B30921C23C5C0039B26E /* cellTableViewCell.swift */; };
/* End PBXBuildFile section */

/* Begin PBXFileReference section */
		F234B2EF21C2279E0039B26E /* coredata1.app */ = {isa = PBXFileReference; explicitFileType = wrapper.application; includeInIndex = 0; path = coredata1.app; sourceTree = BUILT_PRODUCTS_DIR; };
		F234B2F221C2279E0039B26E /* AppDelegate.swift */ = {isa = PBXFileReference; lastKnownFileType = sourcecode.swift; path = AppDelegate.swift; sourceTree = "<group>"; };
		F234B2F421C2279E0039B26E /* ViewController.swift */ = {isa = PBXFileReference; lastKnownFileType = sourcecode.swift; path = ViewController.swift; sourceTree = "<group>"; };
		F234B2F721C2279E0039B26E /* Base */ = {isa = PBXFileReference; lastKnownFileType = file.storyboard; name = Base; path = Base.lproj/Main.storyboard; sourceTree = "<group>"; };
		F234B2FA21C2279E0039B26E /* coredata1.xcdatamodel */ = {isa = PBXFileReference; lastKnownFileType = wrapper.xcdatamodel; path = coredata1.xcdatamodel; sourceTree = "<group>"; };
		F234B2FC21C227C60039B26E /* Assets.xcassets */ = {isa = PBXFileReference; lastKnownFileType = folder.assetcatalog; path = Assets.xcassets; sourceTree = "<group>"; };
		F234B2FF21C227C60039B26E /* Base */ = {isa = PBXFileReference; lastKnownFileType = file.storyboard; name = Base; path = Base.lproj/LaunchScreen.storyboard; sourceTree = "<group>"; };
		F234B30121C227C60039B26E /* Info.plist */ = {isa = PBXFileReference; lastKnownFileType = text.plist.xml; path = Info.plist; sourceTree = "<group>"; };
		F234B30721C22FDA0039B26E /* nextViewController.swift */ = {isa = PBXFileReference; lastKnownFileType = sourcecode.swift; path = nextViewController.swift; sourceTree = "<group>"; };
		F234B30921C23C5C0039B26E /* cellTableViewCell.swift */ = {isa = PBXFileReference; lastKnownFileType = sourcecode.swift; path = cellTableViewCell.swift; sourceTree = "<group>"; };
/* End PBXFileReference section */

/* Begin PBXFrameworksBuildPhase section */
		F234B2EC21C2279E0039B26E /* Frameworks */ = {
			isa = PBXFrameworksBuildPhase;
			buildActionMask = 2147483647;
			files = (
			);
			runOnlyForDeploymentPostprocessing = 0;
		};
/* End PBXFrameworksBuildPhase section */

/* Begin PBXGroup section */
		F234B2E621C2279D0039B26E = {
			isa = PBXGroup;
			children = (
				F234B2F121C2279E0039B26E /* coredata1 */,
				F234B2F021C2279E0039B26E /* Products */,
			);
			sourceTree = "<group>";
		};
		F234B2F021C2279E0039B26E /* Products */ = {
			isa = PBXGroup;
			children = (
				F234B2EF21C2279E0039B26E /* coredata1.app */,
			);
			name = Products;
			sourceTree = "<group>";
		};
		F234B2F121C2279E0039B26E /* coredata1 */ = {
			isa = PBXGroup;
			children = (
				F234B2F221C2279E0039B26E /* AppDelegate.swift */,
				F234B2F421C2279E0039B26E /* ViewController.swift */,
				F234B2F621C2279E0039B26E /* Main.storyboard */,
				F234B2FC21C227C60039B26E /* Assets.xcassets */,
				F234B2FE21C227C60039B26E /* LaunchScreen.storyboard */,
				F234B30121C227C60039B26E /* Info.plist */,
				F234B2F921C2279E0039B26E /* coredata1.xcdatamodeld */,
				F234B30721C22FDA0039B26E /* nextViewController.swift */,
				F234B30921C23C5C0039B26E /* cellTableViewCell.swift */,
			);
			path = coredata1;
			sourceTree = "<group>";
		};
/* End PBXGroup section */

/* Begin PBXNativeTarget section */
		F234B2EE21C2279E0039B26E /* coredata1 */ = {
			isa = PBXNativeTarget;
			buildConfigurationList = F234B30421C227C70039B26E /* Build configuration list for PBXNativeTarget "coredata1" */;
			buildPhases = (
				F234B2EB21C2279E0039B26E /* Sources */,
				F234B2EC21C2279E0039B26E /* Frameworks */,
				F234B2ED21C2279E0039B26E /* Resources */,
			);
			buildRules = (
			);
			dependencies = (
			);
			name = coredata1;
			productName = coredata1;
			productReference = F234B2EF21C2279E0039B26E /* coredata1.app */;
			productType = "com.apple.product-type.application";
		};
/* End PBXNativeTarget section */

/* Begin PBXProject section */
		F234B2E721C2279D0039B26E /* Project object */ = {
			isa = PBXProject;
			attributes = {
				LastSwiftUpdateCheck = 0930;
				LastUpgradeCheck = 0930;
				ORGANIZATIONNAME = ra;
				TargetAttributes = {
					F234B2EE21C2279E0039B26E = {
						CreatedOnToolsVersion = 9.3.1;
					};
				};
			};
			buildConfigurationList = F234B2EA21C2279D0039B26E /* Build configuration list for PBXProject "coredata1" */;
			compatibilityVersion = "Xcode 9.3";
			developmentRegion = en;
			hasScannedForEncodings = 0;
			knownRegions = (
				en,
				Base,
			);
			mainGroup = F234B2E621C2279D0039B26E;
			productRefGroup = F234B2F021C2279E0039B26E /* Products */;
			projectDirPath = "";
			projectRoot = "";
			targets = (
				F234B2EE21C2279E0039B26E /* coredata1 */,
			);
		};
/* End PBXProject section */

/* Begin PBXResourcesBuildPhase section */
		F234B2ED21C2279E0039B26E /* Resources */ = {
			isa = PBXResourcesBuildPhase;
			buildActionMask = 2147483647;
			files = (
				F234B30021C227C60039B26E /* LaunchScreen.storyboard in Resources */,
				F234B2FD21C227C60039B26E /* Assets.xcassets in Resources */,
				F234B2F821C2279E0039B26E /* Main.storyboard in Resources */,
			);
			runOnlyForDeploymentPostprocessing = 0;
		};
/* End PBXResourcesBuildPhase section */

/* Begin PBXSourcesBuildPhase section */
		F234B2EB21C2279E0039B26E /* Sources */ = {
			isa = PBXSourcesBuildPhase;
			buildActionMask = 2147483647;
			files = (
				F234B2FB21C2279E0039B26E /* coredata1.xcdatamodeld in Sources */,
				F234B30821C22FDB0039B26E /* nextViewController.swift in Sources */,
				F234B2F521C2279E0039B26E /* ViewController.swift in Sources */,
				F234B30A21C23C5C0039B26E /* cellTableViewCell.swift in Sources */,
				F234B2F321C2279E0039B26E /* AppDelegate.swift in Sources */,
			);
			runOnlyForDeploymentPostprocessing = 0;
		};
/* End PBXSourcesBuildPhase section */

/* Begin PBXVariantGroup section */
		F234B2F621C2279E0039B26E /* Main.storyboard */ = {
			isa = PBXVariantGroup;
			children = (
				F234B2F721C2279E0039B26E /* Base */,
			);
			name = Main.storyboard;
			sourceTree = "<group>";
		};
		F234B2FE21C227C60039B26E /* LaunchScreen.storyboard */ = {
			isa = PBXVariantGroup;
			children = (
				F234B2FF21C227C60039B26E /* Base */,
			);
			name = LaunchScreen.storyboard;
			sourceTree = "<group>";
		};
/* End PBXVariantGroup section */

/* Begin XCBuildConfiguration section */
		F234B30221C227C70039B26E /* Debug */ = {
			isa = XCBuildConfiguration;
			buildSettings = {
				ALWAYS_SEARCH_USER_PATHS = NO;
				CLANG_ANALYZER_NONNULL = YES;
				CLANG_ANALYZER_NUMBER_OBJECT_CONVERSION = YES_AGGRESSIVE;
				CLANG_CXX_LANGUAGE_STANDARD = "gnu++14";
				CLANG_CXX_LIBRARY = "libc++";
				CLANG_ENABLE_MODULES = YES;
				CLANG_ENABLE_OBJC_ARC = YES;
				CLANG_ENABLE_OBJC_WEAK = YES;
				CLANG_WARN_BLOCK_CAPTURE_AUTORELEASING = YES;
				CLANG_WARN_BOOL_CONVERSION = YES;
				CLANG_WARN_COMMA = YES;
				CLANG_WARN_CONSTANT_CONVERSION = YES;
				CLANG_WARN_DEPRECATED_OBJC_IMPLEMENTATIONS = YES;
				CLANG_WARN_DIRECT_OBJC_ISA_USAGE = YES_ERROR;
				CLANG_WARN_DOCUMENTATION_COMMENTS = YES;
				CLANG_WARN_EMPTY_BODY = YES;
				CLANG_WARN_ENUM_CONVERSION = YES;
				CLANG_WARN_INFINITE_RECURSION = YES;
				CLANG_WARN_INT_CONVERSION = YES;
				CLANG_WARN_NON_LITERAL_NULL_CONVERSION = YES;
				CLANG_WARN_OBJC_IMPLICIT_RETAIN_SELF = YES;
				CLANG_WARN_OBJC_LITERAL_CONVERSION = YES;
				CLANG_WARN_OBJC_ROOT_CLASS = YES_ERROR;
				CLANG_WARN_RANGE_LOOP_ANALYSIS = YES;
				CLANG_WARN_STRICT_PROTOTYPES = YES;
				CLANG_WARN_SUSPICIOUS_MOVE = YES;
				CLANG_WARN_UNGUARDED_AVAILABILITY = YES_AGGRESSIVE;
				CLANG_WARN_UNREACHABLE_CODE = YES;
				CLANG_WARN__DUPLICATE_METHOD_MATCH = YES;
				CODE_SIGN_IDENTITY = "iPhone Developer";
				COPY_PHASE_STRIP = NO;
				DEBUG_INFORMATION_FORMAT = dwarf;
				ENABLE_STRICT_OBJC_MSGSEND = YES;
				ENABLE_TESTABILITY = YES;
				GCC_C_LANGUAGE_STANDARD = gnu11;
				GCC_DYNAMIC_NO_PIC = NO;
				GCC_NO_COMMON_BLOCKS = YES;
				GCC_OPTIMIZATION_LEVEL = 0;
				GCC_PREPROCESSOR_DEFINITIONS = (
					"DEBUG=1",
					"$(inherited)",
				);
				GCC_WARN_64_TO_32_BIT_CONVERSION = YES;
				GCC_WARN_ABOUT_RETURN_TYPE = YES_ERROR;
				GCC_WARN_UNDECLARED_SELECTOR = YES;
				GCC_WARN_UNINITIALIZED_AUTOS = YES_AGGRESSIVE;
				GCC_WARN_UNUSED_FUNCTION = YES;
				GCC_WARN_UNUSED_VARIABLE = YES;
				IPHONEOS_DEPLOYMENT_TARGET = 11.3;
				MTL_ENABLE_DEBUG_INFO = YES;
				ONLY_ACTIVE_ARCH = YES;
				SDKROOT = iphoneos;
				SWIFT_ACTIVE_COMPILATION_CONDITIONS = DEBUG;
				SWIFT_OPTIMIZATION_LEVEL = "-Onone";
			};
			name = Debug;
		};
		F234B30321C227C70039B26E /* Release */ = {
			isa = XCBuildConfiguration;
			buildSettings = {
				ALWAYS_SEARCH_USER_PATHS = NO;
				CLANG_ANALYZER_NONNULL = YES;
				CLANG_ANALYZER_NUMBER_OBJECT_CONVERSION = YES_AGGRESSIVE;
				CLANG_CXX_LANGUAGE_STANDARD = "gnu++14";
				CLANG_CXX_LIBRARY = "libc++";
				CLANG_ENABLE_MODULES = YES;
				CLANG_ENABLE_OBJC_ARC = YES;
				CLANG_ENABLE_OBJC_WEAK = YES;
				CLANG_WARN_BLOCK_CAPTURE_AUTORELEASING = YES;
				CLANG_WARN_BOOL_CONVERSION = YES;
				CLANG_WARN_COMMA = YES;
				CLANG_WARN_CONSTANT_CONVERSION = YES;
				CLANG_WARN_DEPRECATED_OBJC_IMPLEMENTATIONS = YES;
				CLANG_WARN_DIRECT_OBJC_ISA_USAGE = YES_ERROR;
				CLANG_WARN_DOCUMENTATION_COMMENTS = YES;
				CLANG_WARN_EMPTY_BODY = YES;
				CLANG_WARN_ENUM_CONVERSION = YES;
				CLANG_WARN_INFINITE_RECURSION = YES;
				CLANG_WARN_INT_CONVERSION = YES;
				CLANG_WARN_NON_LITERAL_NULL_CONVERSION = YES;
				CLANG_WARN_OBJC_IMPLICIT_RETAIN_SELF = YES;
				CLANG_WARN_OBJC_LITERAL_CONVERSION = YES;
				CLANG_WARN_OBJC_ROOT_CLASS = YES_ERROR;
				CLANG_WARN_RANGE_LOOP_ANALYSIS = YES;
				CLANG_WARN_STRICT_PROTOTYPES = YES;
				CLANG_WARN_SUSPICIOUS_MOVE = YES;
				CLANG_WARN_UNGUARDED_AVAILABILITY = YES_AGGRESSIVE;
				CLANG_WARN_UNREACHABLE_CODE = YES;
				CLANG_WARN__DUPLICATE_METHOD_MATCH = YES;
				CODE_SIGN_IDENTITY = "iPhone Developer";
				COPY_PHASE_STRIP = NO;
				DEBUG_INFORMATION_FORMAT = "dwarf-with-dsym";
				ENABLE_NS_ASSERTIONS = NO;
				ENABLE_STRICT_OBJC_MSGSEND = YES;
				GCC_C_LANGUAGE_STANDARD = gnu11;
				GCC_NO_COMMON_BLOCKS = YES;
				GCC_WARN_64_TO_32_BIT_CONVERSION = YES;
				GCC_WARN_ABOUT_RETURN_TYPE = YES_ERROR;
				GCC_WARN_UNDECLARED_SELECTOR = YES;
				GCC_WARN_UNINITIALIZED_AUTOS = YES_AGGRESSIVE;
				GCC_WARN_UNUSED_FUNCTION = YES;
				GCC_WARN_UNUSED_VARIABLE = YES;
				IPHONEOS_DEPLOYMENT_TARGET = 11.3;
				MTL_ENABLE_DEBUG_INFO = NO;
				SDKROOT = iphoneos;
				SWIFT_COMPILATION_MODE = wholemodule;
				SWIFT_OPTIMIZATION_LEVEL = "-O";
				VALIDATE_PRODUCT = YES;
			};
			name = Release;
		};
		F234B30521C227C70039B26E /* Debug */ = {
			isa = XCBuildConfiguration;
			buildSettings = {
				ASSETCATALOG_COMPILER_APPICON_NAME = AppIcon;
				CODE_SIGN_STYLE = Automatic;
				INFOPLIST_FILE = coredata1/Info.plist;
				LD_RUNPATH_SEARCH_PATHS = (
					"$(inherited)",
					"@executable_path/Frameworks",
				);
				PRODUCT_BUNDLE_IDENTIFIER = ra.coredata1;
				PRODUCT_NAME = "$(TARGET_NAME)";
				SWIFT_VERSION = 4.0;
				TARGETED_DEVICE_FAMILY = "1,2";
			};
			name = Debug;
		};
		F234B30621C227C70039B26E /* Release */ = {
			isa = XCBuildConfiguration;
			buildSettings = {
				ASSETCATALOG_COMPILER_APPICON_NAME = AppIcon;
				CODE_SIGN_STYLE = Automatic;
				INFOPLIST_FILE = coredata1/Info.plist;
				LD_RUNPATH_SEARCH_PATHS = (
					"$(inherited)",
					"@executable_path/Frameworks",
				);
				PRODUCT_BUNDLE_IDENTIFIER = ra.coredata1;
				PRODUCT_NAME = "$(TARGET_NAME)";
				SWIFT_VERSION = 4.0;
				TARGETED_DEVICE_FAMILY = "1,2";
			};
			name = Release;
		};
/* End XCBuildConfiguration section */

/* Begin XCConfigurationList section */
		F234B2EA21C2279D0039B26E /* Build configuration list for PBXProject "coredata1" */ = {
			isa = XCConfigurationList;
			buildConfigurations = (
				F234B30221C227C70039B26E /* Debug */,
				F234B30321C227C70039B26E /* Release */,
			);
			defaultConfigurationIsVisible = 0;
			defaultConfigurationName = Release;
		};
		F234B30421C227C70039B26E /* Build configuration list for PBXNativeTarget "coredata1" */ = {
			isa = XCConfigurationList;
			buildConfigurations = (
				F234B30521C227C70039B26E /* Debug */,
				F234B30621C227C70039B26E /* Release */,
			);
			defaultConfigurationIsVisible = 0;
			defaultConfigurationName = Release;
		};
/* End XCConfigurationList section */

/* Begin XCVersionGroup section */
		F234B2F921C2279E0039B26E /* coredata1.xcdatamodeld */ = {
			isa = XCVersionGroup;
			children = (
				F234B2FA21C2279E0039B26E /* coredata1.xcdatamodel */,
			);
			currentVersion = F234B2FA21C2279E0039B26E /* coredata1.xcdatamodel */;
			path = coredata1.xcdatamodeld;
			sourceTree = "<group>";
			versionGroupType = wrapper.xcdatamodel;
		};
/* End XCVersionGroup section */
	};
	rootObject = F234B2E721C2279D0039B26E /* Project object */;
}
